
Microsoft Visual Studio Solution File, Format Version 12.00
# Visual Studio 14
VisualStudioVersion = 14.0.25420.1
MinimumVisualStudioVersion = 10.0.40219.1
Project("{FAE04EC0-301F-11D3-BF4B-00C04F79EFBC}") = "MovieConnections.Framework", "MovieConnections.Framework\MovieConnections.Framework.csproj", "{49944DEC-9A8A-4F46-BBD3-021AE3754AF9}"
	ProjectSection(ProjectDependencies) = postProject
		{1AF5EAD3-1D3B-4C38-81AC-078ECFB2B247} = {1AF5EAD3-1D3B-4C38-81AC-078ECFB2B247}
	EndProjectSection
EndProject
Project("{FAE04EC0-301F-11D3-BF4B-00C04F79EFBC}") = "MovieConnections.Data", "MovieConnection.Data\MovieConnections.Data.csproj", "{1AF5EAD3-1D3B-4C38-81AC-078ECFB2B247}"
EndProject
Project("{FAE04EC0-301F-11D3-BF4B-00C04F79EFBC}") = "MovieConnections.Core", "MovieConnections.Core\MovieConnections.Core.csproj", "{8735CEB4-71D5-48E8-8950-840CD8A2C042}"
	ProjectSection(ProjectDependencies) = postProject
		{1AF5EAD3-1D3B-4C38-81AC-078ECFB2B247} = {1AF5EAD3-1D3B-4C38-81AC-078ECFB2B247}
		{49944DEC-9A8A-4F46-BBD3-021AE3754AF9} = {49944DEC-9A8A-4F46-BBD3-021AE3754AF9}
	EndProjectSection
EndProject
Project("{FAE04EC0-301F-11D3-BF4B-00C04F79EFBC}") = "MovieConnections.Web", "MovieConnections.Web\MovieConnections.Web.csproj", "{BFF8AB01-D8F7-4ADC-A960-F876AA8BEBCB}"
	ProjectSection(ProjectDependencies) = postProject
		{8735CEB4-71D5-48E8-8950-840CD8A2C042} = {8735CEB4-71D5-48E8-8950-840CD8A2C042}
		{1AF5EAD3-1D3B-4C38-81AC-078ECFB2B247} = {1AF5EAD3-1D3B-4C38-81AC-078ECFB2B247}
		{49944DEC-9A8A-4F46-BBD3-021AE3754AF9} = {49944DEC-9A8A-4F46-BBD3-021AE3754AF9}
	EndProjectSection
EndProject
Project("{FAE04EC0-301F-11D3-BF4B-00C04F79EFBC}") = "MovieConnections.Api", "MovieConnections.Api\MovieConnections.Api.csproj", "{9EBD21B0-1467-4333-A1A0-314BF67D2DFB}"
EndProject
Global
	GlobalSection(SolutionConfigurationPlatforms) = preSolution
		Debug|Android = Debug|Android
		Debug|Any CPU = Debug|Any CPU
		Debug|iOS = Debug|iOS
		Debug|Windows Phone (Universal) = Debug|Windows Phone (Universal)
		Debug|Windows Phone 8 = Debug|Windows Phone 8
		Debug|Windows-AnyCPU = Debug|Windows-AnyCPU
		Debug|Windows-ARM = Debug|Windows-ARM
		Debug|Windows-x64 = Debug|Windows-x64
		Debug|Windows-x86 = Debug|Windows-x86
		Release|Android = Release|Android
		Release|Any CPU = Release|Any CPU
		Release|iOS = Release|iOS
		Release|Windows Phone (Universal) = Release|Windows Phone (Universal)
		Release|Windows Phone 8 = Release|Windows Phone 8
		Release|Windows-AnyCPU = Release|Windows-AnyCPU
		Release|Windows-ARM = Release|Windows-ARM
		Release|Windows-x64 = Release|Windows-x64
		Release|Windows-x86 = Release|Windows-x86
	EndGlobalSection
	GlobalSection(ProjectConfigurationPlatforms) = postSolution
		{49944DEC-9A8A-4F46-BBD3-021AE3754AF9}.Debug|Android.ActiveCfg = Debug|Any CPU
		{49944DEC-9A8A-4F46-BBD3-021AE3754AF9}.Debug|Android.Build.0 = Debug|Any CPU
		{49944DEC-9A8A-4F46-BBD3-021AE3754AF9}.Debug|Any CPU.ActiveCfg = Debug|Any CPU
		{49944DEC-9A8A-4F46-BBD3-021AE3754AF9}.Debug|Any CPU.Build.0 = Debug|Any CPU
		{49944DEC-9A8A-4F46-BBD3-021AE3754AF9}.Debug|iOS.ActiveCfg = Debug|Any CPU
		{49944DEC-9A8A-4F46-BBD3-021AE3754AF9}.Debug|iOS.Build.0 = Debug|Any CPU
		{49944DEC-9A8A-4F46-BBD3-021AE3754AF9}.Debug|Windows Phone (Universal).ActiveCfg = Debug|Any CPU
		{49944DEC-9A8A-4F46-BBD3-021AE3754AF9}.Debug|Windows Phone (Universal).Build.0 = Debug|Any CPU
		{49944DEC-9A8A-4F46-BBD3-021AE3754AF9}.Debug|Windows Phone 8.ActiveCfg = Debug|Any CPU
		{49944DEC-9A8A-4F46-BBD3-021AE3754AF9}.Debug|Windows Phone 8.Build.0 = Debug|Any CPU
		{49944DEC-9A8A-4F46-BBD3-021AE3754AF9}.Debug|Windows-AnyCPU.ActiveCfg = Debug|Any CPU
		{49944DEC-9A8A-4F46-BBD3-021AE3754AF9}.Debug|Windows-AnyCPU.Build.0 = Debug|Any CPU
		{49944DEC-9A8A-4F46-BBD3-021AE3754AF9}.Debug|Windows-ARM.ActiveCfg = Debug|Any CPU
		{49944DEC-9A8A-4F46-BBD3-021AE3754AF9}.Debug|Windows-ARM.Build.0 = Debug|Any CPU
		{49944DEC-9A8A-4F46-BBD3-021AE3754AF9}.Debug|Windows-x64.ActiveCfg = Debug|Any CPU
		{49944DEC-9A8A-4F46-BBD3-021AE3754AF9}.Debug|Windows-x64.Build.0 = Debug|Any CPU
		{49944DEC-9A8A-4F46-BBD3-021AE3754AF9}.Debug|Windows-x86.ActiveCfg = Debug|Any CPU
		{49944DEC-9A8A-4F46-BBD3-021AE3754AF9}.Debug|Windows-x86.Build.0 = Debug|Any CPU
		{49944DEC-9A8A-4F46-BBD3-021AE3754AF9}.Release|Android.ActiveCfg = Release|Any CPU
		{49944DEC-9A8A-4F46-BBD3-021AE3754AF9}.Release|Android.Build.0 = Release|Any CPU
		{49944DEC-9A8A-4F46-BBD3-021AE3754AF9}.Release|Any CPU.ActiveCfg = Release|Any CPU
		{49944DEC-9A8A-4F46-BBD3-021AE3754AF9}.Release|Any CPU.Build.0 = Release|Any CPU
		{49944DEC-9A8A-4F46-BBD3-021AE3754AF9}.Release|iOS.ActiveCfg = Release|Any CPU
		{49944DEC-9A8A-4F46-BBD3-021AE3754AF9}.Release|iOS.Build.0 = Release|Any CPU
		{49944DEC-9A8A-4F46-BBD3-021AE3754AF9}.Release|Windows Phone (Universal).ActiveCfg = Release|Any CPU
		{49944DEC-9A8A-4F46-BBD3-021AE3754AF9}.Release|Windows Phone (Universal).Build.0 = Release|Any CPU
		{49944DEC-9A8A-4F46-BBD3-021AE3754AF9}.Release|Windows Phone 8.ActiveCfg = Release|Any CPU
		{49944DEC-9A8A-4F46-BBD3-021AE3754AF9}.Release|Windows Phone 8.Build.0 = Release|Any CPU
		{49944DEC-9A8A-4F46-BBD3-021AE3754AF9}.Release|Windows-AnyCPU.ActiveCfg = Release|Any CPU
		{49944DEC-9A8A-4F46-BBD3-021AE3754AF9}.Release|Windows-AnyCPU.Build.0 = Release|Any CPU
		{49944DEC-9A8A-4F46-BBD3-021AE3754AF9}.Release|Windows-ARM.ActiveCfg = Release|Any CPU
		{49944DEC-9A8A-4F46-BBD3-021AE3754AF9}.Release|Windows-ARM.Build.0 = Release|Any CPU
		{49944DEC-9A8A-4F46-BBD3-021AE3754AF9}.Release|Windows-x64.ActiveCfg = Release|Any CPU
		{49944DEC-9A8A-4F46-BBD3-021AE3754AF9}.Release|Windows-x64.Build.0 = Release|Any CPU
		{49944DEC-9A8A-4F46-BBD3-021AE3754AF9}.Release|Windows-x86.ActiveCfg = Release|Any CPU
		{49944DEC-9A8A-4F46-BBD3-021AE3754AF9}.Release|Windows-x86.Build.0 = Release|Any CPU
		{1AF5EAD3-1D3B-4C38-81AC-078ECFB2B247}.Debug|Android.ActiveCfg = Debug|Any CPU
		{1AF5EAD3-1D3B-4C38-81AC-078ECFB2B247}.Debug|Android.Build.0 = Debug|Any CPU
		{1AF5EAD3-1D3B-4C38-81AC-078ECFB2B247}.Debug|Any CPU.ActiveCfg = Debug|Any CPU
		{1AF5EAD3-1D3B-4C38-81AC-078ECFB2B247}.Debug|Any CPU.Build.0 = Debug|Any CPU
		{1AF5EAD3-1D3B-4C38-81AC-078ECFB2B247}.Debug|iOS.ActiveCfg = Debug|Any CPU
		{1AF5EAD3-1D3B-4C38-81AC-078ECFB2B247}.Debug|iOS.Build.0 = Debug|Any CPU
		{1AF5EAD3-1D3B-4C38-81AC-078ECFB2B247}.Debug|Windows Phone (Universal).ActiveCfg = Debug|Any CPU
		{1AF5EAD3-1D3B-4C38-81AC-078ECFB2B247}.Debug|Windows Phone (Universal).Build.0 = Debug|Any CPU
		{1AF5EAD3-1D3B-4C38-81AC-078ECFB2B247}.Debug|Windows Phone 8.ActiveCfg = Debug|Any CPU
		{1AF5EAD3-1D3B-4C38-81AC-078ECFB2B247}.Debug|Windows Phone 8.Build.0 = Debug|Any CPU
		{1AF5EAD3-1D3B-4C38-81AC-078ECFB2B247}.Debug|Windows-AnyCPU.ActiveCfg = Debug|Any CPU
		{1AF5EAD3-1D3B-4C38-81AC-078ECFB2B247}.Debug|Windows-AnyCPU.Build.0 = Debug|Any CPU
		{1AF5EAD3-1D3B-4C38-81AC-078ECFB2B247}.Debug|Windows-ARM.ActiveCfg = Debug|Any CPU
		{1AF5EAD3-1D3B-4C38-81AC-078ECFB2B247}.Debug|Windows-ARM.Build.0 = Debug|Any CPU
		{1AF5EAD3-1D3B-4C38-81AC-078ECFB2B247}.Debug|Windows-x64.ActiveCfg = Debug|Any CPU
		{1AF5EAD3-1D3B-4C38-81AC-078ECFB2B247}.Debug|Windows-x64.Build.0 = Debug|Any CPU
		{1AF5EAD3-1D3B-4C38-81AC-078ECFB2B247}.Debug|Windows-x86.ActiveCfg = Debug|Any CPU
		{1AF5EAD3-1D3B-4C38-81AC-078ECFB2B247}.Debug|Windows-x86.Build.0 = Debug|Any CPU
		{1AF5EAD3-1D3B-4C38-81AC-078ECFB2B247}.Release|Android.ActiveCfg = Release|Any CPU
		{1AF5EAD3-1D3B-4C38-81AC-078ECFB2B247}.Release|Android.Build.0 = Release|Any CPU
		{1AF5EAD3-1D3B-4C38-81AC-078ECFB2B247}.Release|Any CPU.ActiveCfg = Release|Any CPU
		{1AF5EAD3-1D3B-4C38-81AC-078ECFB2B247}.Release|Any CPU.Build.0 = Release|Any CPU
		{1AF5EAD3-1D3B-4C38-81AC-078ECFB2B247}.Release|iOS.ActiveCfg = Release|Any CPU
		{1AF5EAD3-1D3B-4C38-81AC-078ECFB2B247}.Release|iOS.Build.0 = Release|Any CPU
		{1AF5EAD3-1D3B-4C38-81AC-078ECFB2B247}.Release|Windows Phone (Universal).ActiveCfg = Release|Any CPU
		{1AF5EAD3-1D3B-4C38-81AC-078ECFB2B247}.Release|Windows Phone (Universal).Build.0 = Release|Any CPU
		{1AF5EAD3-1D3B-4C38-81AC-078ECFB2B247}.Release|Windows Phone 8.ActiveCfg = Release|Any CPU
		{1AF5EAD3-1D3B-4C38-81AC-078ECFB2B247}.Release|Windows Phone 8.Build.0 = Release|Any CPU
		{1AF5EAD3-1D3B-4C38-81AC-078ECFB2B247}.Release|Windows-AnyCPU.ActiveCfg = Release|Any CPU
		{1AF5EAD3-1D3B-4C38-81AC-078ECFB2B247}.Release|Windows-AnyCPU.Build.0 = Release|Any CPU
		{1AF5EAD3-1D3B-4C38-81AC-078ECFB2B247}.Release|Windows-ARM.ActiveCfg = Release|Any CPU
		{1AF5EAD3-1D3B-4C38-81AC-078ECFB2B247}.Release|Windows-ARM.Build.0 = Release|Any CPU
		{1AF5EAD3-1D3B-4C38-81AC-078ECFB2B247}.Release|Windows-x64.ActiveCfg = Release|Any CPU
		{1AF5EAD3-1D3B-4C38-81AC-078ECFB2B247}.Release|Windows-x64.Build.0 = Release|Any CPU
		{1AF5EAD3-1D3B-4C38-81AC-078ECFB2B247}.Release|Windows-x86.ActiveCfg = Release|Any CPU
		{1AF5EAD3-1D3B-4C38-81AC-078ECFB2B247}.Release|Windows-x86.Build.0 = Release|Any CPU
		{8735CEB4-71D5-48E8-8950-840CD8A2C042}.Debug|Android.ActiveCfg = Debug|Any CPU
		{8735CEB4-71D5-48E8-8950-840CD8A2C042}.Debug|Android.Build.0 = Debug|Any CPU
		{8735CEB4-71D5-48E8-8950-840CD8A2C042}.Debug|Any CPU.ActiveCfg = Debug|Any CPU
		{8735CEB4-71D5-48E8-8950-840CD8A2C042}.Debug|Any CPU.Build.0 = Debug|Any CPU
		{8735CEB4-71D5-48E8-8950-840CD8A2C042}.Debug|iOS.ActiveCfg = Debug|Any CPU
		{8735CEB4-71D5-48E8-8950-840CD8A2C042}.Debug|iOS.Build.0 = Debug|Any CPU
		{8735CEB4-71D5-48E8-8950-840CD8A2C042}.Debug|Windows Phone (Universal).ActiveCfg = Debug|Any CPU
		{8735CEB4-71D5-48E8-8950-840CD8A2C042}.Debug|Windows Phone (Universal).Build.0 = Debug|Any CPU
		{8735CEB4-71D5-48E8-8950-840CD8A2C042}.Debug|Windows Phone 8.ActiveCfg = Debug|Any CPU
		{8735CEB4-71D5-48E8-8950-840CD8A2C042}.Debug|Windows Phone 8.Build.0 = Debug|Any CPU
		{8735CEB4-71D5-48E8-8950-840CD8A2C042}.Debug|Windows-AnyCPU.ActiveCfg = Debug|Any CPU
		{8735CEB4-71D5-48E8-8950-840CD8A2C042}.Debug|Windows-AnyCPU.Build.0 = Debug|Any CPU
		{8735CEB4-71D5-48E8-8950-840CD8A2C042}.Debug|Windows-ARM.ActiveCfg = Debug|Any CPU
		{8735CEB4-71D5-48E8-8950-840CD8A2C042}.Debug|Windows-ARM.Build.0 = Debug|Any CPU
		{8735CEB4-71D5-48E8-8950-840CD8A2C042}.Debug|Windows-x64.ActiveCfg = Debug|Any CPU
		{8735CEB4-71D5-48E8-8950-840CD8A2C042}.Debug|Windows-x64.Build.0 = Debug|Any CPU
		{8735CEB4-71D5-48E8-8950-840CD8A2C042}.Debug|Windows-x86.ActiveCfg = Debug|Any CPU
		{8735CEB4-71D5-48E8-8950-840CD8A2C042}.Debug|Windows-x86.Build.0 = Debug|Any CPU
		{8735CEB4-71D5-48E8-8950-840CD8A2C042}.Release|Android.ActiveCfg = Release|Any CPU
		{8735CEB4-71D5-48E8-8950-840CD8A2C042}.Release|Android.Build.0 = Release|Any CPU
		{8735CEB4-71D5-48E8-8950-840CD8A2C042}.Release|Any CPU.ActiveCfg = Release|Any CPU
		{8735CEB4-71D5-48E8-8950-840CD8A2C042}.Release|Any CPU.Build.0 = Release|Any CPU
		{8735CEB4-71D5-48E8-8950-840CD8A2C042}.Release|iOS.ActiveCfg = Release|Any CPU
		{8735CEB4-71D5-48E8-8950-840CD8A2C042}.Release|iOS.Build.0 = Release|Any CPU
		{8735CEB4-71D5-48E8-8950-840CD8A2C042}.Release|Windows Phone (Universal).ActiveCfg = Release|Any CPU
		{8735CEB4-71D5-48E8-8950-840CD8A2C042}.Release|Windows Phone (Universal).Build.0 = Release|Any CPU
		{8735CEB4-71D5-48E8-8950-840CD8A2C042}.Release|Windows Phone 8.ActiveCfg = Release|Any CPU
		{8735CEB4-71D5-48E8-8950-840CD8A2C042}.Release|Windows Phone 8.Build.0 = Release|Any CPU
		{8735CEB4-71D5-48E8-8950-840CD8A2C042}.Release|Windows-AnyCPU.ActiveCfg = Release|Any CPU
		{8735CEB4-71D5-48E8-8950-840CD8A2C042}.Release|Windows-AnyCPU.Build.0 = Release|Any CPU
		{8735CEB4-71D5-48E8-8950-840CD8A2C042}.Release|Windows-ARM.ActiveCfg = Release|Any CPU
		{8735CEB4-71D5-48E8-8950-840CD8A2C042}.Release|Windows-ARM.Build.0 = Release|Any CPU
		{8735CEB4-71D5-48E8-8950-840CD8A2C042}.Release|Windows-x64.ActiveCfg = Release|Any CPU
		{8735CEB4-71D5-48E8-8950-840CD8A2C042}.Release|Windows-x64.Build.0 = Release|Any CPU
		{8735CEB4-71D5-48E8-8950-840CD8A2C042}.Release|Windows-x86.ActiveCfg = Release|Any CPU
		{8735CEB4-71D5-48E8-8950-840CD8A2C042}.Release|Windows-x86.Build.0 = Release|Any CPU
		{BFF8AB01-D8F7-4ADC-A960-F876AA8BEBCB}.Debug|Android.ActiveCfg = Debug|Any CPU
		{BFF8AB01-D8F7-4ADC-A960-F876AA8BEBCB}.Debug|Android.Build.0 = Debug|Any CPU
		{BFF8AB01-D8F7-4ADC-A960-F876AA8BEBCB}.Debug|Any CPU.ActiveCfg = Debug|Any CPU
		{BFF8AB01-D8F7-4ADC-A960-F876AA8BEBCB}.Debug|Any CPU.Build.0 = Debug|Any CPU
		{BFF8AB01-D8F7-4ADC-A960-F876AA8BEBCB}.Debug|iOS.ActiveCfg = Debug|Any CPU
		{BFF8AB01-D8F7-4ADC-A960-F876AA8BEBCB}.Debug|iOS.Build.0 = Debug|Any CPU
		{BFF8AB01-D8F7-4ADC-A960-F876AA8BEBCB}.Debug|Windows Phone (Universal).ActiveCfg = Debug|Any CPU
		{BFF8AB01-D8F7-4ADC-A960-F876AA8BEBCB}.Debug|Windows Phone (Universal).Build.0 = Debug|Any CPU
		{BFF8AB01-D8F7-4ADC-A960-F876AA8BEBCB}.Debug|Windows Phone 8.ActiveCfg = Debug|Any CPU
		{BFF8AB01-D8F7-4ADC-A960-F876AA8BEBCB}.Debug|Windows Phone 8.Build.0 = Debug|Any CPU
		{BFF8AB01-D8F7-4ADC-A960-F876AA8BEBCB}.Debug|Windows-AnyCPU.ActiveCfg = Debug|Any CPU
		{BFF8AB01-D8F7-4ADC-A960-F876AA8BEBCB}.Debug|Windows-AnyCPU.Build.0 = Debug|Any CPU
		{BFF8AB01-D8F7-4ADC-A960-F876AA8BEBCB}.Debug|Windows-ARM.ActiveCfg = Debug|Any CPU
		{BFF8AB01-D8F7-4ADC-A960-F876AA8BEBCB}.Debug|Windows-ARM.Build.0 = Debug|Any CPU
		{BFF8AB01-D8F7-4ADC-A960-F876AA8BEBCB}.Debug|Windows-x64.ActiveCfg = Debug|Any CPU
		{BFF8AB01-D8F7-4ADC-A960-F876AA8BEBCB}.Debug|Windows-x64.Build.0 = Debug|Any CPU
		{BFF8AB01-D8F7-4ADC-A960-F876AA8BEBCB}.Debug|Windows-x86.ActiveCfg = Debug|Any CPU
		{BFF8AB01-D8F7-4ADC-A960-F876AA8BEBCB}.Debug|Windows-x86.Build.0 = Debug|Any CPU
		{BFF8AB01-D8F7-4ADC-A960-F876AA8BEBCB}.Release|Android.ActiveCfg = Release|Any CPU
		{BFF8AB01-D8F7-4ADC-A960-F876AA8BEBCB}.Release|Android.Build.0 = Release|Any CPU
		{BFF8AB01-D8F7-4ADC-A960-F876AA8BEBCB}.Release|Any CPU.ActiveCfg = Release|Any CPU
		{BFF8AB01-D8F7-4ADC-A960-F876AA8BEBCB}.Release|Any CPU.Build.0 = Release|Any CPU
		{BFF8AB01-D8F7-4ADC-A960-F876AA8BEBCB}.Release|iOS.ActiveCfg = Release|Any CPU
		{BFF8AB01-D8F7-4ADC-A960-F876AA8BEBCB}.Release|iOS.Build.0 = Release|Any CPU
		{BFF8AB01-D8F7-4ADC-A960-F876AA8BEBCB}.Release|Windows Phone (Universal).ActiveCfg = Release|Any CPU
		{BFF8AB01-D8F7-4ADC-A960-F876AA8BEBCB}.Release|Windows Phone (Universal).Build.0 = Release|Any CPU
		{BFF8AB01-D8F7-4ADC-A960-F876AA8BEBCB}.Release|Windows Phone 8.ActiveCfg = Release|Any CPU
		{BFF8AB01-D8F7-4ADC-A960-F876AA8BEBCB}.Release|Windows Phone 8.Build.0 = Release|Any CPU
		{BFF8AB01-D8F7-4ADC-A960-F876AA8BEBCB}.Release|Windows-AnyCPU.ActiveCfg = Release|Any CPU
		{BFF8AB01-D8F7-4ADC-A960-F876AA8BEBCB}.Release|Windows-AnyCPU.Build.0 = Release|Any CPU
		{BFF8AB01-D8F7-4ADC-A960-F876AA8BEBCB}.Release|Windows-ARM.ActiveCfg = Release|Any CPU
		{BFF8AB01-D8F7-4ADC-A960-F876AA8BEBCB}.Release|Windows-ARM.Build.0 = Release|Any CPU
		{BFF8AB01-D8F7-4ADC-A960-F876AA8BEBCB}.Release|Windows-x64.ActiveCfg = Release|Any CPU
		{BFF8AB01-D8F7-4ADC-A960-F876AA8BEBCB}.Release|Windows-x64.Build.0 = Release|Any CPU
		{BFF8AB01-D8F7-4ADC-A960-F876AA8BEBCB}.Release|Windows-x86.ActiveCfg = Release|Any CPU
		{BFF8AB01-D8F7-4ADC-A960-F876AA8BEBCB}.Release|Windows-x86.Build.0 = Release|Any CPU
		{9EBD21B0-1467-4333-A1A0-314BF67D2DFB}.Debug|Android.ActiveCfg = Debug|Any CPU
		{9EBD21B0-1467-4333-A1A0-314BF67D2DFB}.Debug|Android.Build.0 = Debug|Any CPU
		{9EBD21B0-1467-4333-A1A0-314BF67D2DFB}.Debug|Any CPU.ActiveCfg = Debug|Any CPU
		{9EBD21B0-1467-4333-A1A0-314BF67D2DFB}.Debug|Any CPU.Build.0 = Debug|Any CPU
		{9EBD21B0-1467-4333-A1A0-314BF67D2DFB}.Debug|iOS.ActiveCfg = Debug|Any CPU
		{9EBD21B0-1467-4333-A1A0-314BF67D2DFB}.Debug|iOS.Build.0 = Debug|Any CPU
		{9EBD21B0-1467-4333-A1A0-314BF67D2DFB}.Debug|Windows Phone (Universal).ActiveCfg = Debug|Any CPU
		{9EBD21B0-1467-4333-A1A0-314BF67D2DFB}.Debug|Windows Phone (Universal).Build.0 = Debug|Any CPU
		{9EBD21B0-1467-4333-A1A0-314BF67D2DFB}.Debug|Windows Phone 8.ActiveCfg = Debug|Any CPU
		{9EBD21B0-1467-4333-A1A0-314BF67D2DFB}.Debug|Windows Phone 8.Build.0 = Debug|Any CPU
		{9EBD21B0-1467-4333-A1A0-314BF67D2DFB}.Debug|Windows-AnyCPU.ActiveCfg = Debug|Any CPU
		{9EBD21B0-1467-4333-A1A0-314BF67D2DFB}.Debug|Windows-AnyCPU.Build.0 = Debug|Any CPU
		{9EBD21B0-1467-4333-A1A0-314BF67D2DFB}.Debug|Windows-ARM.ActiveCfg = Debug|Any CPU
		{9EBD21B0-1467-4333-A1A0-314BF67D2DFB}.Debug|Windows-ARM.Build.0 = Debug|Any CPU
		{9EBD21B0-1467-4333-A1A0-314BF67D2DFB}.Debug|Windows-x64.ActiveCfg = Debug|Any CPU
		{9EBD21B0-1467-4333-A1A0-314BF67D2DFB}.Debug|Windows-x64.Build.0 = Debug|Any CPU
		{9EBD21B0-1467-4333-A1A0-314BF67D2DFB}.Debug|Windows-x86.ActiveCfg = Debug|Any CPU
		{9EBD21B0-1467-4333-A1A0-314BF67D2DFB}.Debug|Windows-x86.Build.0 = Debug|Any CPU
		{9EBD21B0-1467-4333-A1A0-314BF67D2DFB}.Release|Android.ActiveCfg = Release|Any CPU
		{9EBD21B0-1467-4333-A1A0-314BF67D2DFB}.Release|Android.Build.0 = Release|Any CPU
		{9EBD21B0-1467-4333-A1A0-314BF67D2DFB}.Release|Any CPU.ActiveCfg = Release|Any CPU
		{9EBD21B0-1467-4333-A1A0-314BF67D2DFB}.Release|Any CPU.Build.0 = Release|Any CPU
		{9EBD21B0-1467-4333-A1A0-314BF67D2DFB}.Release|iOS.ActiveCfg = Release|Any CPU
		{9EBD21B0-1467-4333-A1A0-314BF67D2DFB}.Release|iOS.Build.0 = Release|Any CPU
		{9EBD21B0-1467-4333-A1A0-314BF67D2DFB}.Release|Windows Phone (Universal).ActiveCfg = Release|Any CPU
		{9EBD21B0-1467-4333-A1A0-314BF67D2DFB}.Release|Windows Phone (Universal).Build.0 = Release|Any CPU
		{9EBD21B0-1467-4333-A1A0-314BF67D2DFB}.Release|Windows Phone 8.ActiveCfg = Release|Any CPU
		{9EBD21B0-1467-4333-A1A0-314BF67D2DFB}.Release|Windows Phone 8.Build.0 = Release|Any CPU
		{9EBD21B0-1467-4333-A1A0-314BF67D2DFB}.Release|Windows-AnyCPU.ActiveCfg = Release|Any CPU
		{9EBD21B0-1467-4333-A1A0-314BF67D2DFB}.Release|Windows-AnyCPU.Build.0 = Release|Any CPU
		{9EBD21B0-1467-4333-A1A0-314BF67D2DFB}.Release|Windows-ARM.ActiveCfg = Release|Any CPU
		{9EBD21B0-1467-4333-A1A0-314BF67D2DFB}.Release|Windows-ARM.Build.0 = Release|Any CPU
		{9EBD21B0-1467-4333-A1A0-314BF67D2DFB}.Release|Windows-x64.ActiveCfg = Release|Any CPU
		{9EBD21B0-1467-4333-A1A0-314BF67D2DFB}.Release|Windows-x64.Build.0 = Release|Any CPU
		{9EBD21B0-1467-4333-A1A0-314BF67D2DFB}.Release|Windows-x86.ActiveCfg = Release|Any CPU
		{9EBD21B0-1467-4333-A1A0-314BF67D2DFB}.Release|Windows-x86.Build.0 = Release|Any CPU
	EndGlobalSection
	GlobalSection(SolutionProperties) = preSolution
		HideSolutionNode = FALSE
	EndGlobalSection
EndGlobal
